
Microsoft Visual Studio Solution File, Format Version 12.00
# Visual Studio Version 17
VisualStudioVersion = 17.2.32602.215
MinimumVisualStudioVersion = 10.0.40219.1
Project("{9A19103F-16F7-4668-BE54-9A1E7A4F7556}") = "HomeGiftDataManager", "HomeGiftDataManager.csproj", "{132A1695-7BC6-4E60-B6F5-88885B8CFE7B}"
EndProject
Project("{2150E333-8FDC-42A3-9474-1A3956D46DE8}") = "Solution Items", "Solution Items", "{8EAE2A88-4D72-4F77-92E5-8FBBF53B50EF}"
	ProjectSection(SolutionItems) = preProject
		.editorconfig = .editorconfig
	EndProjectSection
EndProject
Global
	GlobalSection(SolutionConfigurationPlatforms) = preSolution
		Debug|Any CPU = Debug|Any CPU
		Release|Any CPU = Release|Any CPU
	EndGlobalSection
	GlobalSection(ProjectConfigurationPlatforms) = postSolution
		{132A1695-7BC6-4E60-B6F5-88885B8CFE7B}.Debug|Any CPU.ActiveCfg = Debug|Any CPU
		{132A1695-7BC6-4E60-B6F5-88885B8CFE7B}.Debug|Any CPU.Build.0 = Debug|Any CPU
		{132A1695-7BC6-4E60-B6F5-88885B8CFE7B}.Release|Any CPU.ActiveCfg = Release|Any CPU
		{132A1695-7BC6-4E60-B6F5-88885B8CFE7B}.Release|Any CPU.Build.0 = Release|Any CPU
	EndGlobalSection
	GlobalSection(SolutionProperties) = preSolution
		HideSolutionNode = FALSE
	EndGlobalSection
	GlobalSection(ExtensibilityGlobals) = postSolution
		SolutionGuid = {FC743364-33C5-47C7-8725-0992CA456199}
	EndGlobalSection
EndGlobal
